<?xml version="1.0" encoding="UTF-8"?>
<CONFIG>
  <ProjectOptions>
    <Version Value="12"/>
    <General>
      <Flags>
        <MainUnitHasUsesSectionForAllUnits Value="False"/>
        <MainUnitHasCreateFormStatements Value="False"/>
        <MainUnitHasTitleStatement Value="False"/>
        <MainUnitHasScaledStatement Value="False"/>
        <CompatibilityMode Value="True"/>
      </Flags>
      <SessionStorage Value="InProjectDir"/>
      <Title Value="castle"/>
    </General>
    <RequiredPackages Count="2">
      <Item1>
        <PackageName Value="castle_window"/>
      </Item1>
      <Item2>
        <PackageName Value="castle_base"/>
      </Item2>
    </RequiredPackages>
    <Units Count="22">
      <Unit0>
        <Filename Value="castle.dpr"/>
        <IsPartOfProject Value="True"/>
      </Unit0>
      <Unit1>
        <Filename Value="castleautogenerated.pas"/>
        <IsPartOfProject Value="True"/>
        <UnitName Value="castleautogenerated"/>
      </Unit1>
      <Unit2>
        <Filename Value="code/gameinputs.pas"/>
        <IsPartOfProject Value="True"/>
        <UnitName Value="gameinputs"/>
      </Unit2>
      <Unit3>
        <Filename Value="code/gamecreatures.pas"/>
        <IsPartOfProject Value="True"/>
        <UnitName Value="gamecreatures"/>
      </Unit3>
      <Unit4>
        <Filename Value="code/gamechoosemenu.pas"/>
        <IsPartOfProject Value="True"/>
        <UnitName Value="gamechoosemenu"/>
      </Unit4>
      <Unit5>
        <Filename Value="code/gameitems.pas"/>
        <IsPartOfProject Value="True"/>
        <UnitName Value="gameitems"/>
      </Unit5>
      <Unit6>
        <Filename Value="code/gamehelp.pas"/>
        <IsPartOfProject Value="True"/>
        <UnitName Value="gamehelp"/>
      </Unit6>
      <Unit7>
        <Filename Value="code/gamegeneralmenu.pas"/>
        <IsPartOfProject Value="True"/>
        <UnitName Value="gamegeneralmenu"/>
      </Unit7>
      <Unit8>
        <Filename Value="code/gamecredits.pas"/>
        <IsPartOfProject Value="True"/>
        <UnitName Value="gamecredits"/>
      </Unit8>
      <Unit9>
        <Filename Value="code/gamevideooptions.pas"/>
        <IsPartOfProject Value="True"/>
        <UnitName Value="gamevideooptions"/>
      </Unit9>
      <Unit10>
        <Filename Value="code/gameplay.pas"/>
        <IsPartOfProject Value="True"/>
        <UnitName Value="gameplay"/>
      </Unit10>
      <Unit11>
        <Filename Value="code/gamesound.pas"/>
        <IsPartOfProject Value="True"/>
        <UnitName Value="gamesound"/>
      </Unit11>
      <Unit12>
        <Filename Value="code/gamegamemenu.pas"/>
        <IsPartOfProject Value="True"/>
        <UnitName Value="gamegamemenu"/>
      </Unit12>
      <Unit13>
        <Filename Value="code/gameinitialize.pas"/>
        <IsPartOfProject Value="True"/>
        <UnitName Value="gameinitialize"/>
      </Unit13>
      <Unit14>
        <Filename Value="code/gamestartmenu.pas"/>
        <IsPartOfProject Value="True"/>
        <UnitName Value="gamestartmenu"/>
      </Unit14>
      <Unit15>
        <Filename Value="code/gamebackgroundlevel.pas"/>
        <IsPartOfProject Value="True"/>
        <UnitName Value="gamebackgroundlevel"/>
      </Unit15>
      <Unit16>
        <Filename Value="code/gamedebugmenu.pas"/>
        <IsPartOfProject Value="True"/>
        <UnitName Value="gamedebugmenu"/>
      </Unit16>
      <Unit17>
        <Filename Value="code/gamewindow.pas"/>
        <IsPartOfProject Value="True"/>
        <UnitName Value="gamewindow"/>
      </Unit17>
      <Unit18>
        <Filename Value="code/gamecontrolsmenu.pas"/>
        <IsPartOfProject Value="True"/>
        <UnitName Value="gamecontrolsmenu"/>
      </Unit18>
      <Unit19>
        <Filename Value="code/gamex3dprocessing.pas"/>
        <IsPartOfProject Value="True"/>
        <UnitName Value="gamex3dprocessing"/>
      </Unit19>
      <Unit20>
        <Filename Value="code/gamelevelspecific.pas"/>
        <IsPartOfProject Value="True"/>
        <UnitName Value="gamelevelspecific"/>
      </Unit20>
      <Unit21>
        <Filename Value="code/castlegameconf.inc"/>
        <IsPartOfProject Value="True"/>
      </Unit21>
    </Units>
  </ProjectOptions>
  <CompilerOptions>
    <Version Value="11"/>
    <Target>
      <Filename Value="castle"/>
    </Target>
    <SearchPaths>
      <IncludeFiles Value="code/"/>
      <OtherUnitFiles Value="code/"/>
      <UnitOutputDirectory Value="castle-engine-output/standalone/lazarus-lib/$(TargetCPU)-$(TargetOS)"/>
      <Libraries Value="" />
    </SearchPaths>
    <Parsing>
      <SyntaxOptions>
        <IncludeAssertionCode Value="True"/>
      </SyntaxOptions>
    </Parsing>
    <CodeGeneration>
      <Checks>
        <IOChecks Value="True"/>
        <RangeChecks Value="True"/>
        <OverflowChecks Value="True"/>
      </Checks>
    </CodeGeneration>
    <Linking>
      <Debugging>
        <DebugInfoType Value="dsDwarf2Set"/>
      </Debugging>
    </Linking>
    <Other>
      <Verbosity>
        <ShowHints Value="False"/>
      </Verbosity>
      <CustomOptions Value="
"/>
    </Other>
  </CompilerOptions>
  <Debugging>
    <Exceptions Count="3">
      <Item1>
        <Name Value="EAbort"/>
      </Item1>
      <Item2>
        <Name Value="ECodetoolError"/>
      </Item2>
      <Item3>
        <Name Value="EFOpenError"/>
      </Item3>
    </Exceptions>
  </Debugging>
</CONFIG>
