<?xml version="1.0"?>
<CONFIG>
  <ProjectOptions>
    <PathDelim Value="/"/>
    <Version Value="6"/>
    <General>
      <Flags>
        <MainUnitHasUsesSectionForAllUnits Value="False"/>
        <MainUnitHasCreateFormStatements Value="False"/>
        <MainUnitHasTitleStatement Value="False"/>
      </Flags>
      <MainUnit Value="0"/>
      <IconPath Value="./"/>
      <TargetFileExt Value=""/>
      <ActiveEditorIndexAtStart Value="5"/>
    </General>
    <PublishOptions>
      <Version Value="2"/>
      <IgnoreBinaries Value="False"/>
      <IncludeFileFilter Value="*.(pas|pp|inc|lfm|lpr|lrs|lpi|lpk|sh|xml)"/>
      <ExcludeFileFilter Value="*.(bak|ppu|ppw|o|so);*~;backup"/>
    </PublishOptions>
    <RunParams>
      <local>
        <FormatVersion Value="1"/>
        <LaunchingApplication PathPlusParams="/usr/X11R6/bin/xterm -T 'Lazarus Run Output' -e $(LazarusDir)/tools/runwait.sh $(TargetCmdLine)"/>
      </local>
    </RunParams>
    <RequiredPackages Count="2">
      <Item1>
        <PackageName Value="kambi_units"/>
      </Item1>
      <Item2>
        <PackageName Value="kambi_glwindow"/>
      </Item2>
    </RequiredPackages>
    <Units Count="18">
      <Unit0>
        <Filename Value="castle.pasprogram"/>
        <IsPartOfProject Value="True"/>
        <CursorPos X="1" Y="1"/>
        <TopLine Value="1"/>
        <EditorIndex Value="1"/>
        <UsageCount Value="22"/>
        <Loaded Value="True"/>
      </Unit0>
      <Unit1>
        <Filename Value="castleconfig.pas"/>
        <UnitName Value="CastleConfig"/>
        <CursorPos X="47" Y="52"/>
        <TopLine Value="34"/>
        <EditorIndex Value="3"/>
        <UsageCount Value="10"/>
        <Loaded Value="True"/>
      </Unit1>
      <Unit2>
        <Filename Value="castleitems.pas"/>
        <UnitName Value="CastleItems"/>
        <CursorPos X="1" Y="1"/>
        <TopLine Value="1"/>
        <UsageCount Value="10"/>
      </Unit2>
      <Unit3>
        <Filename Value="castlecreatures.pas"/>
        <UnitName Value="CastleCreatures"/>
        <CursorPos X="1" Y="1"/>
        <TopLine Value="1"/>
        <UsageCount Value="10"/>
      </Unit3>
      <Unit4>
        <Filename Value="../../../../units/kambi_vrml_game_engine/opengl/glwindow.pas"/>
        <UnitName Value="GLWindow"/>
        <CursorPos X="1" Y="1"/>
        <TopLine Value="1"/>
        <UsageCount Value="10"/>
      </Unit4>
      <Unit5>
        <Filename Value="../../../../units/kambi_vrml_game_engine/packages/components/kambiglcontrol.pas"/>
        <UnitName Value="KambiGLControl"/>
        <CursorPos X="1" Y="1"/>
        <TopLine Value="1"/>
        <UsageCount Value="10"/>
      </Unit5>
      <Unit6>
        <Filename Value="../../../../units/kambi_vrml_game_engine/base/kambistringutils.pas"/>
        <UnitName Value="KambiStringUtils"/>
        <CursorPos X="48" Y="66"/>
        <TopLine Value="54"/>
        <UsageCount Value="10"/>
      </Unit6>
      <Unit7>
        <Filename Value="castlesound.pas"/>
        <UnitName Value="CastleSound"/>
        <CursorPos X="56" Y="27"/>
        <TopLine Value="11"/>
        <UsageCount Value="10"/>
      </Unit7>
      <Unit8>
        <Filename Value="castlelevelspecific.pas"/>
        <UnitName Value="CastleLevelSpecific"/>
        <CursorPos X="58" Y="30"/>
        <TopLine Value="1"/>
        <UsageCount Value="10"/>
      </Unit8>
      <Unit9>
        <Filename Value="../../kambi_vrml_game_engine/opengl/glwinmessages.pas"/>
        <UnitName Value="GLWinMessages"/>
        <CursorPos X="30" Y="1095"/>
        <TopLine Value="1079"/>
        <UsageCount Value="10"/>
      </Unit9>
      <Unit10>
        <Filename Value="castletimemessages.pas"/>
        <UnitName Value="CastleTimeMessages"/>
        <CursorPos X="1" Y="1"/>
        <TopLine Value="1"/>
        <UsageCount Value="10"/>
      </Unit10>
      <Unit11>
        <Filename Value="castlegeneralmenu.pas"/>
        <UnitName Value="CastleGeneralMenu"/>
        <CursorPos X="6" Y="26"/>
        <TopLine Value="10"/>
        <UsageCount Value="10"/>
      </Unit11>
      <Unit12>
        <Filename Value="castlechoosemenu.pas"/>
        <UnitName Value="CastleChooseMenu"/>
        <CursorPos X="1" Y="1"/>
        <TopLine Value="1"/>
        <UsageCount Value="10"/>
      </Unit12>
      <Unit13>
        <Filename Value="../../kambi_vrml_game_engine/opengl/glwindow.pas"/>
        <UnitName Value="GLWindow"/>
        <CursorPos X="1" Y="1"/>
        <TopLine Value="1"/>
        <EditorIndex Value="0"/>
        <UsageCount Value="10"/>
        <Loaded Value="True"/>
      </Unit13>
      <Unit14>
        <Filename Value="castlewindow.pas"/>
        <UnitName Value="CastleWindow"/>
        <CursorPos X="1" Y="1"/>
        <TopLine Value="1"/>
        <EditorIndex Value="2"/>
        <UsageCount Value="10"/>
        <Loaded Value="True"/>
      </Unit14>
      <Unit15>
        <Filename Value="../../kambi_vrml_game_engine/base/kambidynlib.pas"/>
        <UnitName Value="KambiDynLib"/>
        <CursorPos X="1" Y="221"/>
        <TopLine Value="201"/>
        <EditorIndex Value="4"/>
        <UsageCount Value="10"/>
        <Loaded Value="True"/>
      </Unit15>
      <Unit16>
        <Filename Value="../../kambi_vrml_game_engine/3dmodels/vrmlnodes.pas"/>
        <UnitName Value="VRMLNodes"/>
        <CursorPos X="1" Y="4417"/>
        <TopLine Value="4403"/>
        <EditorIndex Value="5"/>
        <UsageCount Value="10"/>
        <Loaded Value="True"/>
      </Unit16>
      <Unit17>
        <Filename Value="../../kambi_vrml_game_engine/3dmodels/vrmlscene.pas"/>
        <UnitName Value="VRMLScene"/>
        <CursorPos X="1" Y="2150"/>
        <TopLine Value="2136"/>
        <EditorIndex Value="6"/>
        <UsageCount Value="10"/>
        <Loaded Value="True"/>
      </Unit17>
    </Units>
    <JumpHistory Count="12" HistoryIndex="11">
      <Position1>
        <Filename Value="../../kambi_vrml_game_engine/opengl/glwindow.pas"/>
        <Caret Line="1" Column="1" TopLine="1"/>
      </Position1>
      <Position2>
        <Filename Value="castle.pasprogram"/>
        <Caret Line="1" Column="1" TopLine="1"/>
      </Position2>
      <Position3>
        <Filename Value="castlewindow.pas"/>
        <Caret Line="1" Column="1" TopLine="1"/>
      </Position3>
      <Position4>
        <Filename Value="castleconfig.pas"/>
        <Caret Line="27" Column="18" TopLine="2"/>
      </Position4>
      <Position5>
        <Filename Value="castleconfig.pas"/>
        <Caret Line="52" Column="47" TopLine="34"/>
      </Position5>
      <Position6>
        <Filename Value="../../kambi_vrml_game_engine/base/kambidynlib.pas"/>
        <Caret Line="221" Column="1" TopLine="201"/>
      </Position6>
      <Position7>
        <Filename Value="../../kambi_vrml_game_engine/3dmodels/vrmlnodes.pas"/>
        <Caret Line="4417" Column="1" TopLine="4403"/>
      </Position7>
      <Position8>
        <Filename Value="../../kambi_vrml_game_engine/3dmodels/vrmlscene.pas"/>
        <Caret Line="2150" Column="1" TopLine="2136"/>
      </Position8>
      <Position9>
        <Filename Value="../../kambi_vrml_game_engine/3dmodels/vrmlnodes.pas"/>
        <Caret Line="4620" Column="1" TopLine="4606"/>
      </Position9>
      <Position10>
        <Filename Value="../../kambi_vrml_game_engine/3dmodels/vrmlnodes.pas"/>
        <Caret Line="4417" Column="1" TopLine="4403"/>
      </Position10>
      <Position11>
        <Filename Value="../../kambi_vrml_game_engine/3dmodels/vrmlscene.pas"/>
        <Caret Line="2150" Column="1" TopLine="2136"/>
      </Position11>
      <Position12>
        <Filename Value="../../kambi_vrml_game_engine/3dmodels/vrmlnodes.pas"/>
        <Caret Line="4620" Column="1" TopLine="4606"/>
      </Position12>
    </JumpHistory>
  </ProjectOptions>
  <CompilerOptions>
    <Version Value="8"/>
    <Parsing>
      <SyntaxOptions>
        <IncludeAssertionCode Value="True"/>
        <CStyleMacros Value="True"/>
        <UseAnsiStrings Value="True"/>
      </SyntaxOptions>
    </Parsing>
    <CodeGeneration>
      <Checks>
        <IOChecks Value="True"/>
        <RangeChecks Value="True"/>
        <OverflowChecks Value="True"/>
        <StackChecks Value="True"/>
      </Checks>
    </CodeGeneration>
    <Linking>
      <Debugging>
        <GenerateDebugInfo Value="True"/>
      </Debugging>
    </Linking>
    <Other>
      <Verbosity>
        <ShowHints Value="False"/>
      </Verbosity>
      <CustomOptions Value="-Sh"/>
      <CompilerPath Value="$(CompPath)"/>
    </Other>
  </CompilerOptions>
  <Debugging>
    <Exceptions Count="4">
      <Item1>
        <Name Value="ECodetoolError"/>
      </Item1>
      <Item2>
        <Name Value="EFOpenError"/>
      </Item2>
      <Item3>
        <Name Value="BreakIsNodePresent"/>
      </Item3>
      <Item4>
        <Name Value="BreakTryFindNode"/>
      </Item4>
    </Exceptions>
  </Debugging>
</CONFIG>
