<?xml version="1.0"?>
<CONFIG>
  <ProjectOptions>
    <PathDelim Value="/"/>
    <Version Value="5"/>
    <General>
      <Flags>
        <MainUnitHasUsesSectionForAllUnits Value="False"/>
        <MainUnitHasCreateFormStatements Value="False"/>
        <MainUnitHasTitleStatement Value="False"/>
      </Flags>
      <MainUnit Value="0"/>
      <IconPath Value="./"/>
      <TargetFileExt Value=""/>
    </General>
    <PublishOptions>
      <Version Value="2"/>
      <IgnoreBinaries Value="False"/>
      <IncludeFileFilter Value="*.(pas|pp|inc|lfm|lpr|lrs|lpi|lpk|sh|xml)"/>
      <ExcludeFileFilter Value="*.(bak|ppu|ppw|o|so);*~;backup"/>
    </PublishOptions>
    <RunParams>
      <local>
        <FormatVersion Value="1"/>
        <LaunchingApplication PathPlusParams="/usr/X11R6/bin/xterm -T 'Lazarus Run Output' -e $(LazarusDir)/tools/runwait.sh $(TargetCmdLine)"/>
      </local>
    </RunParams>
    <RequiredPackages Count="2">
      <Item1>
        <PackageName Value="kambi_units"/>
      </Item1>
      <Item2>
        <PackageName Value="kambi_glwindow"/>
      </Item2>
    </RequiredPackages>
    <Units Count="13">
      <Unit0>
        <Filename Value="castle.dpr"/>
        <IsPartOfProject Value="True"/>
        <CursorPos X="1" Y="1"/>
        <TopLine Value="1"/>
        <UsageCount Value="22"/>
      </Unit0>
      <Unit1>
        <Filename Value="castleconfig.pas"/>
        <UnitName Value="CastleConfig"/>
        <CursorPos X="18" Y="27"/>
        <TopLine Value="2"/>
        <UsageCount Value="10"/>
      </Unit1>
      <Unit2>
        <Filename Value="castleitems.pas"/>
        <UnitName Value="CastleItems"/>
        <CursorPos X="1" Y="1"/>
        <TopLine Value="1"/>
        <UsageCount Value="10"/>
      </Unit2>
      <Unit3>
        <Filename Value="castlecreatures.pas"/>
        <UnitName Value="CastleCreatures"/>
        <CursorPos X="1" Y="1"/>
        <TopLine Value="1"/>
        <UsageCount Value="10"/>
      </Unit3>
      <Unit4>
        <Filename Value="../../../../units/kambi_vrml_game_engine/opengl/glwindow.pas"/>
        <UnitName Value="GLWindow"/>
        <CursorPos X="1" Y="1"/>
        <TopLine Value="1"/>
        <UsageCount Value="10"/>
      </Unit4>
      <Unit5>
        <Filename Value="../../../../units/kambi_vrml_game_engine/packages/components/kambiglcontrol.pas"/>
        <UnitName Value="KambiGLControl"/>
        <CursorPos X="1" Y="1"/>
        <TopLine Value="1"/>
        <UsageCount Value="10"/>
      </Unit5>
      <Unit6>
        <Filename Value="../../../../units/kambi_vrml_game_engine/base/kambistringutils.pas"/>
        <UnitName Value="KambiStringUtils"/>
        <CursorPos X="48" Y="66"/>
        <TopLine Value="54"/>
        <UsageCount Value="10"/>
      </Unit6>
      <Unit7>
        <Filename Value="castlesound.pas"/>
        <UnitName Value="CastleSound"/>
        <CursorPos X="56" Y="27"/>
        <TopLine Value="11"/>
        <UsageCount Value="10"/>
      </Unit7>
      <Unit8>
        <Filename Value="castlelevelspecific.pas"/>
        <UnitName Value="CastleLevelSpecific"/>
        <CursorPos X="58" Y="30"/>
        <TopLine Value="1"/>
        <UsageCount Value="10"/>
      </Unit8>
      <Unit9>
        <Filename Value="../../kambi_vrml_game_engine/opengl/glwinmessages.pas"/>
        <UnitName Value="GLWinMessages"/>
        <CursorPos X="30" Y="1095"/>
        <TopLine Value="1079"/>
        <UsageCount Value="10"/>
      </Unit9>
      <Unit10>
        <Filename Value="castletimemessages.pas"/>
        <UnitName Value="CastleTimeMessages"/>
        <CursorPos X="1" Y="1"/>
        <TopLine Value="1"/>
        <UsageCount Value="10"/>
      </Unit10>
      <Unit11>
        <Filename Value="castlegeneralmenu.pas"/>
        <UnitName Value="CastleGeneralMenu"/>
        <CursorPos X="6" Y="26"/>
        <TopLine Value="10"/>
        <UsageCount Value="10"/>
      </Unit11>
      <Unit12>
        <Filename Value="castlechoosemenu.pas"/>
        <UnitName Value="CastleChooseMenu"/>
        <CursorPos X="1" Y="1"/>
        <TopLine Value="1"/>
        <UsageCount Value="10"/>
      </Unit12>
    </Units>
    <JumpHistory Count="0" HistoryIndex="-1"/>
  </ProjectOptions>
  <CompilerOptions>
    <Version Value="5"/>
    <Parsing>
      <SyntaxOptions>
        <IncludeAssertionCode Value="True"/>
        <CStyleMacros Value="True"/>
        <UseAnsiStrings Value="True"/>
      </SyntaxOptions>
    </Parsing>
    <CodeGeneration>
      <Checks>
        <IOChecks Value="True"/>
        <RangeChecks Value="True"/>
        <OverflowChecks Value="True"/>
        <StackChecks Value="True"/>
      </Checks>
      <Generate Value="Faster"/>
    </CodeGeneration>
    <Linking>
      <Debugging>
        <GenerateDebugInfo Value="True"/>
      </Debugging>
    </Linking>
    <Other>
      <Verbosity>
        <ShowHints Value="False"/>
      </Verbosity>
      <CompilerPath Value="$(CompPath)"/>
    </Other>
  </CompilerOptions>
  <Debugging>
    <Exceptions Count="2">
      <Item1>
        <Name Value="ECodetoolError"/>
      </Item1>
      <Item2>
        <Name Value="EFOpenError"/>
      </Item2>
    </Exceptions>
  </Debugging>
</CONFIG>
